{
  "version": 4,
  "terraform_version": "1.15.8",
  "serial": 44,
  "lineage": "9024950c-7b3d-9726-0bd6-7373c05ec73e",
  "outputs": {},
  "resources": [
    {
      "mode": "managed",
      "type": "aws_vpc",
      "name": "nv_vpc",
      "provider": "provider[\"registry.terraform.io/hashicorp/aws\"].nv",
      "instances": [
        {
          "schema_version": 1,
          "attributes": {
            "arn": "arn:aws:ec2:us-east-1:546010718980:vpc/vpc-0175af749df93f55a",
            "assign_generated_ipv6_cidr_block": false,
            "cidr_block": "10.0.0.0/16",
            "default_network_acl_id": "acl-08c86810b6dc08d2f",
            "default_route_table_id": "rtb-07aa860ad64b6e763",
            "default_security_group_id": "sg-0c2e62d274afa965c",
            "dhcp_options_id": "dopt-09ae6c7a102a4cd94",
            "enable_dns_hostnames": false,
            "enable_dns_support": true,
            "enable_network_address_usage_metrics": false,
            "id": "vpc-0175af749df93f55a",
            "instance_tenancy": "default",
            "ipv4_ipam_pool_id": null,
            "ipv4_netmask_length": null,
            "ipv6_association_id": "",
            "ipv6_cidr_block": "",
            "ipv6_cidr_block_network_border_group": "",
            "ipv6_ipam_pool_id": "",
            "ipv6_netmask_length": 0,
            "main_route_table_id": "rtb-07aa860ad64b6e763",
            "owner_id": "546010718980",
            "region": "us-east-1",
            "tags": {
              "Name": "nv_vpc"
            },
            "tags_all": {
              "Name": "nv_vpc"
            }
          },
          "sensitive_attributes": [],
          "identity_schema_version": 0,
          "identity": {
            "account_id": "546010718980",
            "id": "vpc-0175af749df93f55a",
            "region": "us-east-1"
          },
          "private": "eyJzY2hlbWFfdmVyc2lvbiI6IjEifQ==",
          "create_before_destroy": true
        }
      ]
    }
  ],
  "check_results": null
}
