{
  "version": 4,
  "terraform_version": "1.15.8",
  "serial": 35,
  "lineage": "9024950c-7b3d-9726-0bd6-7373c05ec73e",
  "outputs": {},
  "resources": [
    {
      "mode": "managed",
      "type": "aws_vpc",
      "name": "test-vpc-nv",
      "provider": "provider[\"registry.terraform.io/hashicorp/aws\"].nv",
      "instances": [
        {
          "index_key": 0,
          "schema_version": 1,
          "attributes": {
            "arn": "arn:aws:ec2:us-east-1:546010718980:vpc/vpc-0348660e95f6ba6da",
            "assign_generated_ipv6_cidr_block": false,
            "cidr_block": "10.0.0.0/16",
            "default_network_acl_id": "acl-0e750c548b9ef5baa",
            "default_route_table_id": "rtb-0c468ca78e4cfdaf6",
            "default_security_group_id": "sg-02e70d353871bbded",
            "dhcp_options_id": "dopt-09ae6c7a102a4cd94",
            "enable_dns_hostnames": false,
            "enable_dns_support": true,
            "enable_network_address_usage_metrics": false,
            "id": "vpc-0348660e95f6ba6da",
            "instance_tenancy": "default",
            "ipv4_ipam_pool_id": null,
            "ipv4_netmask_length": null,
            "ipv6_association_id": "",
            "ipv6_cidr_block": "",
            "ipv6_cidr_block_network_border_group": "",
            "ipv6_ipam_pool_id": "",
            "ipv6_netmask_length": 0,
            "main_route_table_id": "rtb-0c468ca78e4cfdaf6",
            "owner_id": "546010718980",
            "region": "us-east-1",
            "tags": {
              "Name": "terraform-vpc-0"
            },
            "tags_all": {
              "Name": "terraform-vpc-0"
            }
          },
          "sensitive_attributes": [],
          "identity_schema_version": 0,
          "identity": {
            "account_id": "546010718980",
            "id": "vpc-0348660e95f6ba6da",
            "region": "us-east-1"
          },
          "private": "eyJzY2hlbWFfdmVyc2lvbiI6IjEifQ=="
        },
        {
          "index_key": 1,
          "schema_version": 1,
          "attributes": {
            "arn": "arn:aws:ec2:us-east-1:546010718980:vpc/vpc-0c5e27a42cbd9d227",
            "assign_generated_ipv6_cidr_block": false,
            "cidr_block": "10.0.0.0/16",
            "default_network_acl_id": "acl-08981e0f1de592ea4",
            "default_route_table_id": "rtb-09a033dd09c3f27a1",
            "default_security_group_id": "sg-03b91c5f5480fa23e",
            "dhcp_options_id": "dopt-09ae6c7a102a4cd94",
            "enable_dns_hostnames": false,
            "enable_dns_support": true,
            "enable_network_address_usage_metrics": false,
            "id": "vpc-0c5e27a42cbd9d227",
            "instance_tenancy": "default",
            "ipv4_ipam_pool_id": null,
            "ipv4_netmask_length": null,
            "ipv6_association_id": "",
            "ipv6_cidr_block": "",
            "ipv6_cidr_block_network_border_group": "",
            "ipv6_ipam_pool_id": "",
            "ipv6_netmask_length": 0,
            "main_route_table_id": "rtb-09a033dd09c3f27a1",
            "owner_id": "546010718980",
            "region": "us-east-1",
            "tags": {
              "Name": "terraform-vpc-1"
            },
            "tags_all": {
              "Name": "terraform-vpc-1"
            }
          },
          "sensitive_attributes": [],
          "identity_schema_version": 0,
          "identity": {
            "account_id": "546010718980",
            "id": "vpc-0c5e27a42cbd9d227",
            "region": "us-east-1"
          },
          "private": "eyJzY2hlbWFfdmVyc2lvbiI6IjEifQ=="
        },
        {
          "index_key": 2,
          "schema_version": 1,
          "attributes": {
            "arn": "arn:aws:ec2:us-east-1:546010718980:vpc/vpc-04c6373868aaada5e",
            "assign_generated_ipv6_cidr_block": false,
            "cidr_block": "10.0.0.0/16",
            "default_network_acl_id": "acl-0c55bcb743544ca1d",
            "default_route_table_id": "rtb-0fe645e080c6d090e",
            "default_security_group_id": "sg-029a021dc06ff734d",
            "dhcp_options_id": "dopt-09ae6c7a102a4cd94",
            "enable_dns_hostnames": false,
            "enable_dns_support": true,
            "enable_network_address_usage_metrics": false,
            "id": "vpc-04c6373868aaada5e",
            "instance_tenancy": "default",
            "ipv4_ipam_pool_id": null,
            "ipv4_netmask_length": null,
            "ipv6_association_id": "",
            "ipv6_cidr_block": "",
            "ipv6_cidr_block_network_border_group": "",
            "ipv6_ipam_pool_id": "",
            "ipv6_netmask_length": 0,
            "main_route_table_id": "rtb-0fe645e080c6d090e",
            "owner_id": "546010718980",
            "region": "us-east-1",
            "tags": {
              "Name": "terraform-vpc-2"
            },
            "tags_all": {
              "Name": "terraform-vpc-2"
            }
          },
          "sensitive_attributes": [],
          "identity_schema_version": 0,
          "identity": {
            "account_id": "546010718980",
            "id": "vpc-04c6373868aaada5e",
            "region": "us-east-1"
          },
          "private": "eyJzY2hlbWFfdmVyc2lvbiI6IjEifQ=="
        }
      ]
    },
    {
      "mode": "managed",
      "type": "aws_vpc",
      "name": "test-vpc-sing",
      "provider": "provider[\"registry.terraform.io/hashicorp/aws\"].sing",
      "instances": [
        {
          "index_key": 0,
          "schema_version": 1,
          "attributes": {
            "arn": "arn:aws:ec2:ap-southeast-1:546010718980:vpc/vpc-022d523209f1c1cf4",
            "assign_generated_ipv6_cidr_block": false,
            "cidr_block": "10.0.0.0/16",
            "default_network_acl_id": "acl-0dd3934d948df5116",
            "default_route_table_id": "rtb-0540225eed6a866ae",
            "default_security_group_id": "sg-003dacdcbba3bd045",
            "dhcp_options_id": "dopt-0a97aba0a0eac971e",
            "enable_dns_hostnames": false,
            "enable_dns_support": true,
            "enable_network_address_usage_metrics": false,
            "id": "vpc-022d523209f1c1cf4",
            "instance_tenancy": "default",
            "ipv4_ipam_pool_id": null,
            "ipv4_netmask_length": null,
            "ipv6_association_id": "",
            "ipv6_cidr_block": "",
            "ipv6_cidr_block_network_border_group": "",
            "ipv6_ipam_pool_id": "",
            "ipv6_netmask_length": 0,
            "main_route_table_id": "rtb-0540225eed6a866ae",
            "owner_id": "546010718980",
            "region": "ap-southeast-1",
            "tags": {
              "Name": "terraform-vpc-0"
            },
            "tags_all": {
              "Name": "terraform-vpc-0"
            }
          },
          "sensitive_attributes": [],
          "identity_schema_version": 0,
          "identity": {
            "account_id": "546010718980",
            "id": "vpc-022d523209f1c1cf4",
            "region": "ap-southeast-1"
          },
          "private": "eyJzY2hlbWFfdmVyc2lvbiI6IjEifQ=="
        },
        {
          "index_key": 1,
          "schema_version": 1,
          "attributes": {
            "arn": "arn:aws:ec2:ap-southeast-1:546010718980:vpc/vpc-0b757810fbe805051",
            "assign_generated_ipv6_cidr_block": false,
            "cidr_block": "10.0.0.0/16",
            "default_network_acl_id": "acl-0adc4691758ce2211",
            "default_route_table_id": "rtb-04abe93a715b7603f",
            "default_security_group_id": "sg-005c361e54f4bde01",
            "dhcp_options_id": "dopt-0a97aba0a0eac971e",
            "enable_dns_hostnames": false,
            "enable_dns_support": true,
            "enable_network_address_usage_metrics": false,
            "id": "vpc-0b757810fbe805051",
            "instance_tenancy": "default",
            "ipv4_ipam_pool_id": null,
            "ipv4_netmask_length": null,
            "ipv6_association_id": "",
            "ipv6_cidr_block": "",
            "ipv6_cidr_block_network_border_group": "",
            "ipv6_ipam_pool_id": "",
            "ipv6_netmask_length": 0,
            "main_route_table_id": "rtb-04abe93a715b7603f",
            "owner_id": "546010718980",
            "region": "ap-southeast-1",
            "tags": {
              "Name": "terraform-vpc-1"
            },
            "tags_all": {
              "Name": "terraform-vpc-1"
            }
          },
          "sensitive_attributes": [],
          "identity_schema_version": 0,
          "identity": {
            "account_id": "546010718980",
            "id": "vpc-0b757810fbe805051",
            "region": "ap-southeast-1"
          },
          "private": "eyJzY2hlbWFfdmVyc2lvbiI6IjEifQ=="
        },
        {
          "index_key": 2,
          "schema_version": 1,
          "attributes": {
            "arn": "arn:aws:ec2:ap-southeast-1:546010718980:vpc/vpc-009250e8255f0ce9c",
            "assign_generated_ipv6_cidr_block": false,
            "cidr_block": "10.0.0.0/16",
            "default_network_acl_id": "acl-052aaa7cf7a13dac0",
            "default_route_table_id": "rtb-06fc3eb25fe0e1f27",
            "default_security_group_id": "sg-0deb096f1db29499c",
            "dhcp_options_id": "dopt-0a97aba0a0eac971e",
            "enable_dns_hostnames": false,
            "enable_dns_support": true,
            "enable_network_address_usage_metrics": false,
            "id": "vpc-009250e8255f0ce9c",
            "instance_tenancy": "default",
            "ipv4_ipam_pool_id": null,
            "ipv4_netmask_length": null,
            "ipv6_association_id": "",
            "ipv6_cidr_block": "",
            "ipv6_cidr_block_network_border_group": "",
            "ipv6_ipam_pool_id": "",
            "ipv6_netmask_length": 0,
            "main_route_table_id": "rtb-06fc3eb25fe0e1f27",
            "owner_id": "546010718980",
            "region": "ap-southeast-1",
            "tags": {
              "Name": "terraform-vpc-2"
            },
            "tags_all": {
              "Name": "terraform-vpc-2"
            }
          },
          "sensitive_attributes": [],
          "identity_schema_version": 0,
          "identity": {
            "account_id": "546010718980",
            "id": "vpc-009250e8255f0ce9c",
            "region": "ap-southeast-1"
          },
          "private": "eyJzY2hlbWFfdmVyc2lvbiI6IjEifQ=="
        }
      ]
    }
  ],
  "check_results": null
}
