{
  "version": 4,
  "terraform_version": "1.15.8",
  "serial": 11,
  "lineage": "9024950c-7b3d-9726-0bd6-7373c05ec73e",
  "outputs": {},
  "resources": [
    {
      "mode": "managed",
      "type": "aws_vpc",
      "name": "test-vpc-nv",
      "provider": "provider[\"registry.terraform.io/hashicorp/aws\"].nv",
      "instances": [
        {
          "schema_version": 1,
          "attributes": {
            "arn": "arn:aws:ec2:us-east-1:546010718980:vpc/vpc-0fb75583e2a44fa5d",
            "assign_generated_ipv6_cidr_block": false,
            "cidr_block": "10.0.0.0/16",
            "default_network_acl_id": "acl-0a46e4636c0b54b44",
            "default_route_table_id": "rtb-0e1e3b183fa0b8875",
            "default_security_group_id": "sg-0952626b0cef61ce2",
            "dhcp_options_id": "dopt-09ae6c7a102a4cd94",
            "enable_dns_hostnames": false,
            "enable_dns_support": true,
            "enable_network_address_usage_metrics": false,
            "id": "vpc-0fb75583e2a44fa5d",
            "instance_tenancy": "default",
            "ipv4_ipam_pool_id": null,
            "ipv4_netmask_length": null,
            "ipv6_association_id": "",
            "ipv6_cidr_block": "",
            "ipv6_cidr_block_network_border_group": "",
            "ipv6_ipam_pool_id": "",
            "ipv6_netmask_length": 0,
            "main_route_table_id": "rtb-0e1e3b183fa0b8875",
            "owner_id": "546010718980",
            "region": "us-east-1",
            "tags": null,
            "tags_all": {}
          },
          "sensitive_attributes": [],
          "identity_schema_version": 0,
          "identity": {
            "account_id": "546010718980",
            "id": "vpc-0fb75583e2a44fa5d",
            "region": "us-east-1"
          },
          "private": "eyJzY2hlbWFfdmVyc2lvbiI6IjEifQ=="
        }
      ]
    },
    {
      "mode": "managed",
      "type": "aws_vpc",
      "name": "test-vpc-sing",
      "provider": "provider[\"registry.terraform.io/hashicorp/aws\"].sing",
      "instances": [
        {
          "schema_version": 1,
          "attributes": {
            "arn": "arn:aws:ec2:ap-southeast-1:546010718980:vpc/vpc-0b4395ba808fd4487",
            "assign_generated_ipv6_cidr_block": false,
            "cidr_block": "10.0.0.0/16",
            "default_network_acl_id": "acl-0c0697d7010f46aa1",
            "default_route_table_id": "rtb-023b8e23dfac2b4d5",
            "default_security_group_id": "sg-079878eccc589cd6b",
            "dhcp_options_id": "dopt-0a97aba0a0eac971e",
            "enable_dns_hostnames": false,
            "enable_dns_support": true,
            "enable_network_address_usage_metrics": false,
            "id": "vpc-0b4395ba808fd4487",
            "instance_tenancy": "default",
            "ipv4_ipam_pool_id": null,
            "ipv4_netmask_length": null,
            "ipv6_association_id": "",
            "ipv6_cidr_block": "",
            "ipv6_cidr_block_network_border_group": "",
            "ipv6_ipam_pool_id": "",
            "ipv6_netmask_length": 0,
            "main_route_table_id": "rtb-023b8e23dfac2b4d5",
            "owner_id": "546010718980",
            "region": "ap-southeast-1",
            "tags": null,
            "tags_all": {}
          },
          "sensitive_attributes": [],
          "identity_schema_version": 0,
          "identity": {
            "account_id": "546010718980",
            "id": "vpc-0b4395ba808fd4487",
            "region": "ap-southeast-1"
          },
          "private": "eyJzY2hlbWFfdmVyc2lvbiI6IjEifQ=="
        }
      ]
    }
  ],
  "check_results": null
}
